# This file was autogenerated by Stack.
# You should not edit this file by hand.
# For more information, please see the documentation at:
#   https://docs.haskellstack.org/en/stable/lock_files

packages:
- completed:
    hackage: Chart-diagrams-1.9.3@sha256:dcaa8899fa5e2de7cd7013fdd84cc320a6ed63dc9d1bbf6559cd0233c7f9a4c2,1802
    pantry-tree:
      size: 934
      sha256: aa074ef59fa95980c0e861448d0f64e6a47aa427299d72d18bf055211be07b31
  original:
    hackage: Chart-diagrams-1.9.3
snapshots:
- completed:
    size: 532177
    url: https://raw.githubusercontent.com/commercialhaskell/stackage-snapshots/master/lts/16/20.yaml
    sha256: 0e14ba5603f01e8496e8984fd84b545a012ca723f51a098c6c9d3694e404dc6d
  original: lts-16.20
